
Microsoft Visual Studio Solution File, Format Version 12.00
# Visual Studio Version 17
VisualStudioVersion = 17.7.34024.191
MinimumVisualStudioVersion = 10.0.40219.1
Project("{FAE04EC0-301F-11D3-BF4B-00C04F79EFBC}") = "ConsoleApp1", "ConsoleApp1\ConsoleApp1.csproj", "{4D9F81F7-E9CD-4FD3-B36D-84F95B6761BB}"
EndProject
Global
	GlobalSection(SolutionConfigurationPlatforms) = preSolution
		Debug|Any CPU = Debug|Any CPU
		Release|Any CPU = Release|Any CPU
	EndGlobalSection
	GlobalSection(ProjectConfigurationPlatforms) = postSolution
		{4D9F81F7-E9CD-4FD3-B36D-84F95B6761BB}.Debug|Any CPU.ActiveCfg = Debug|Any CPU
		{4D9F81F7-E9CD-4FD3-B36D-84F95B6761BB}.Debug|Any CPU.Build.0 = Debug|Any CPU
		{4D9F81F7-E9CD-4FD3-B36D-84F95B6761BB}.Release|Any CPU.ActiveCfg = Release|Any CPU
		{4D9F81F7-E9CD-4FD3-B36D-84F95B6761BB}.Release|Any CPU.Build.0 = Release|Any CPU
	EndGlobalSection
	GlobalSection(SolutionProperties) = preSolution
		HideSolutionNode = FALSE
	EndGlobalSection
	GlobalSection(ExtensibilityGlobals) = postSolution
		SolutionGuid = {E81F614C-8409-44CC-B0B9-0EFF28FC57BC}
	EndGlobalSection
EndGlobal
